
Microsoft Visual Studio Solution File, Format Version 12.00
# Visual Studio Version 16
VisualStudioVersion = 16.0.31624.102
MinimumVisualStudioVersion = 10.0.40219.1
Project("{FAE04EC0-301F-11D3-BF4B-00C04F79EFBC}") = "Proxy", "Proxy\Proxy.csproj", "{FBE02D67-B7CA-45B7-B9DA-106E47F61523}"
EndProject
Global
	GlobalSection(SolutionConfigurationPlatforms) = preSolution
		Debug|Any CPU = Debug|Any CPU
		Release|Any CPU = Release|Any CPU
	EndGlobalSection
	GlobalSection(ProjectConfigurationPlatforms) = postSolution
		{FBE02D67-B7CA-45B7-B9DA-106E47F61523}.Debug|Any CPU.ActiveCfg = Debug|Any CPU
		{FBE02D67-B7CA-45B7-B9DA-106E47F61523}.Debug|Any CPU.Build.0 = Debug|Any CPU
		{FBE02D67-B7CA-45B7-B9DA-106E47F61523}.Release|Any CPU.ActiveCfg = Release|Any CPU
		{FBE02D67-B7CA-45B7-B9DA-106E47F61523}.Release|Any CPU.Build.0 = Release|Any CPU
	EndGlobalSection
	GlobalSection(SolutionProperties) = preSolution
		HideSolutionNode = FALSE
	EndGlobalSection
	GlobalSection(ExtensibilityGlobals) = postSolution
		SolutionGuid = {7208B01C-47C3-44E2-9285-42ED5D27F429}
	EndGlobalSection
EndGlobal
